# This file is automatically @generated by Poetry 1.8.5 and should not be changed by hand.

[[package]]
name = "altgraph"
version = "0.17.4"
description = "Python graph (network) package"
optional = false
python-versions = "*"
files = [
    {file = "altgraph-0.17.4-py2.py3-none-any.whl", hash = "sha256:642743b4750de17e655e6711601b077bc6598dbfa3ba5fa2b2a35ce12b508dff"},
    {file = "altgraph-0.17.4.tar.gz", hash = "sha256:1b5afbb98f6c4dcadb2e2ae6ab9fa994bbb8c1d75f4fa96d340f9437ae454406"},
]

[[package]]
name = "dukpy"
version = "0.5.0"
description = "Simple JavaScript interpreter for Python"
optional = false
python-versions = "*"
files = [
    {file = "dukpy-0.5.0-cp310-cp310-macosx_10_9_x86_64.whl", hash = "sha256:b39e6b33585a0018198eac09e5a9096de57cc3d9634b5c1346f9f9546f1f320c"},
    {file = "dukpy-0.5.0-cp310-cp310-macosx_11_0_arm64.whl", hash = "sha256:1cef2c26e8ae07d72955e3a965bc593a7392bec04a386ca3bdd7a01d6380b9e1"},
    {file = "dukpy-0.5.0-cp310-cp310-manylinux_2_17_aarch64.manylinux2014_aarch64.whl", hash = "sha256:86433be73f4a639e1c86caafe04d7bb528fb6ead2ec6d085e08f30127d89abe9"},
    {file = "dukpy-0.5.0-cp310-cp310-manylinux_2_17_x86_64.manylinux2014_x86_64.whl", hash = "sha256:489622e0e238db724705184c53ef68ba3f805f50535af6003ce01f19c78a94c1"},
    {file = "dukpy-0.5.0-cp310-cp310-manylinux_2_5_i686.manylinux1_i686.manylinux_2_17_i686.manylinux2014_i686.whl", hash = "sha256:65ac3092714103b6bafa4ccf566bf80b1df37ff9e10cecdee240f7af86218384"},
    {file = "dukpy-0.5.0-cp310-cp310-musllinux_1_2_aarch64.whl", hash = "sha256:9242006980fb122f781f093a853316a95cb99992831d50ee63ed24e1bd7b0421"},
    {file = "dukpy-0.5.0-cp310-cp310-musllinux_1_2_i686.whl", hash = "sha256:a3f8dc8b596623e504af82f73e4d3972c554d5e87c33704684a5c4bf4e443e0e"},
    {file = "dukpy-0.5.0-cp310-cp310-musllinux_1_2_x86_64.whl", hash = "sha256:dbe8386cb659c6a07b2a8b2545c7df915902eb76fdcfe1bb528995b57f0f18b0"},
    {file = "dukpy-0.5.0-cp310-cp310-win32.whl", hash = "sha256:4c3a0456c71005a898cd71cab7d5244eb2c7ef51a0918fbb9e6c3b78a1959410"},
    {file = "dukpy-0.5.0-cp310-cp310-win_amd64.whl", hash = "sha256:3c5930a87d37f7152b77b797ee82468a108c0641aea4a054037d2c4fb5578be8"},
    {file = "dukpy-0.5.0-cp311-cp311-macosx_10_9_x86_64.whl", hash = "sha256:1864da59bf695f78a39ef99e292654799c0aa65217c1e6cc1df0957594831a82"},
    {file = "dukpy-0.5.0-cp311-cp311-macosx_11_0_arm64.whl", hash = "sha256:e41356b605e2c4587eac57517866383281d4c31126daf05940c303ad1f6a6082"},
    {file = "dukpy-0.5.0-cp311-cp311-manylinux_2_17_aarch64.manylinux2014_aarch64.whl", hash = "sha256:54322332cc91b1579926942faa18be884f734b74403ae90c505c4d08f46db36d"},
    {file = "dukpy-0.5.0-cp311-cp311-manylinux_2_17_x86_64.manylinux2014_x86_64.whl", hash = "sha256:7eff01efa8e8c0de13400e259e65669d180f1265dc8289743d85edc72423970a"},
    {file = "dukpy-0.5.0-cp311-cp311-manylinux_2_5_i686.manylinux1_i686.manylinux_2_17_i686.manylinux2014_i686.whl", hash = "sha256:ef5238732a3565401d2a0c2a5b563ce6ff4ec65544627aa7711198e37e32f215"},
    {file = "dukpy-0.5.0-cp311-cp311-musllinux_1_2_aarch64.whl", hash = "sha256:db35091d7de72854a7f5f5a5c3f3084a4322693b9d04478adc4742d797ae84c2"},
    {file = "dukpy-0.5.0-cp311-cp311-musllinux_1_2_i686.whl", hash = "sha256:5d654004c01060798e86687d1b57ab1bccec8c9401090e9d1b61381baeebe425"},
    {file = "dukpy-0.5.0-cp311-cp311-musllinux_1_2_x86_64.whl", hash = "sha256:65c585afd71fd1ec005a0a00c4d2ee2ca1b418ea08a21ed97513ac492dc124d8"},
    {file = "dukpy-0.5.0-cp311-cp311-win32.whl", hash = "sha256:8e2c5a99f2f174e745e8a65cd036e46c15df7f1d33f4faf9028ec906fba04132"},
    {file = "dukpy-0.5.0-cp311-cp311-win_amd64.whl", hash = "sha256:c70fc7dda4da92781411642e1e8a691136eeff4274dc2fea3b71b03199490ed4"},
    {file = "dukpy-0.5.0-cp312-cp312-macosx_10_13_x86_64.whl", hash = "sha256:609c68aa9060fbda5f3149ba9ade413af98f313a0b9e36e2e0bc62d31114a075"},
    {file = "dukpy-0.5.0-cp312-cp312-macosx_11_0_arm64.whl", hash = "sha256:1c3911793615536ebea8201091e73666912b65e6af5335a8045cc88fa389a9b0"},
    {file = "dukpy-0.5.0-cp312-cp312-manylinux_2_17_aarch64.manylinux2014_aarch64.whl", hash = "sha256:95bd4ae69f73ecf78a83c464cf998f2d7ee49be6ed70914300a47d5adbd29b63"},
    {file = "dukpy-0.5.0-cp312-cp312-manylinux_2_17_x86_64.manylinux2014_x86_64.whl", hash = "sha256:7e64b8f14e470d4badff11727c1b7b40241f0f98bc23c78e2232a78c20343b14"},
    {file = "dukpy-0.5.0-cp312-cp312-manylinux_2_5_i686.manylinux1_i686.manylinux_2_17_i686.manylinux2014_i686.whl", hash = "sha256:3fdcb38ca2cb751f2741c054a2a0abee54b8bd1bf24ed1beab325074feb776d0"},
    {file = "dukpy-0.5.0-cp312-cp312-musllinux_1_2_aarch64.whl", hash = "sha256:11f1beb699cb82b8a8f9b901d61b6a52507f2a2a4a8d00cc4dab4b679b4ee9ca"},
    {file = "dukpy-0.5.0-cp312-cp312-musllinux_1_2_i686.whl", hash = "sha256:d8db519073dc6c044bcafe5e963a9e89224a908a821c11c253c078c9ed490580"},
    {file = "dukpy-0.5.0-cp312-cp312-musllinux_1_2_x86_64.whl", hash = "sha256:d331bf159bdd65fe839ecb60d1c0da917e53e1d93198d9ce31b3557f4371dc02"},
    {file = "dukpy-0.5.0-cp312-cp312-win32.whl", hash = "sha256:813c53b7561a075a6905541cdbeff00fb92dd2a57072623a2dcf08ea12af8c68"},
    {file = "dukpy-0.5.0-cp312-cp312-win_amd64.whl", hash = "sha256:336354b27cca64d0256932344167bd45c43a9bf0a3bc30eaae8c237c46a862fb"},
    {file = "dukpy-0.5.0-cp313-cp313-macosx_10_13_x86_64.whl", hash = "sha256:5b8b28e235af8c43670b5b4ea7f2f44d3348f5f84a7b582d4016114c3a44b04d"},
    {file = "dukpy-0.5.0-cp313-cp313-macosx_11_0_arm64.whl", hash = "sha256:434eb3b012a5ff5ecf3990154740da186477ecaa832da2d0a9063f0cb1080fa7"},
    {file = "dukpy-0.5.0-cp313-cp313-manylinux_2_17_aarch64.manylinux2014_aarch64.whl", hash = "sha256:342ee205ba86a0d7952aaa788793bd045603f5340b9469bb5b23d14247205b65"},
    {file = "dukpy-0.5.0-cp313-cp313-manylinux_2_17_x86_64.manylinux2014_x86_64.whl", hash = "sha256:3794581846f16e574551b0277539e3bef5254a1e1e0749d6023697634817032a"},
    {file = "dukpy-0.5.0-cp313-cp313-manylinux_2_5_i686.manylinux1_i686.manylinux_2_17_i686.manylinux2014_i686.whl", hash = "sha256:1f3528103ab1e3ef681fa76c2bcb99424f87d4032470bd1b4ca3534392c831e5"},
    {file = "dukpy-0.5.0-cp313-cp313-musllinux_1_2_aarch64.whl", hash = "sha256:f31eab72785a36916aaf0d5ac068d4d7f51be12aee31a67a85db98ddc9c77efa"},
    {file = "dukpy-0.5.0-cp313-cp313-musllinux_1_2_i686.whl", hash = "sha256:7c677a7dc784190dae985c032d01c33474bdd299c8c66cd6922693f6a54cc8da"},
    {file = "dukpy-0.5.0-cp313-cp313-musllinux_1_2_x86_64.whl", hash = "sha256:f17de94654f94b34d223a961585d99ae990fc3ee7812c0db57b07cfcaae3bb94"},
    {file = "dukpy-0.5.0-cp313-cp313-win32.whl", hash = "sha256:b31c89df9fa1c90205a023adc124c24ba20b33b1138138b2d7fcbbb2e48bdcab"},
    {file = "dukpy-0.5.0-cp313-cp313-win_amd64.whl", hash = "sha256:48a56ea9e41bdb15edea5a4a20f902f1726e4dae216f39a8ea1d5301f7ba2346"},
    {file = "dukpy-0.5.0-cp36-cp36m-macosx_10_9_x86_64.whl", hash = "sha256:ae9824aea4b9d9e0ada1f287f9ba4a688ab854ce3aa17e47b8bc2291aa722dba"},
    {file = "dukpy-0.5.0-cp36-cp36m-manylinux_2_17_aarch64.manylinux2014_aarch64.whl", hash = "sha256:a12ec8454cdb1881168c5047dcfe1f41a62a62a543b5c2e015f85ae25ac07720"},
    {file = "dukpy-0.5.0-cp36-cp36m-manylinux_2_17_x86_64.manylinux2014_x86_64.whl", hash = "sha256:5176c9c4ded552d8b062708f724b716613dedf935cbe9ee4c0bafeb03f599c34"},
    {file = "dukpy-0.5.0-cp36-cp36m-manylinux_2_5_i686.manylinux1_i686.manylinux_2_17_i686.manylinux2014_i686.whl", hash = "sha256:6ced1dbb9416bf5e0519026eac9624631d7b1dea30e3e2ba6b912886c7e26964"},
    {file = "dukpy-0.5.0-cp36-cp36m-musllinux_1_2_aarch64.whl", hash = "sha256:0f552236c20539ec4303206dd04f74ab757e7340e9e1b1d12e0e727eb44d1348"},
    {file = "dukpy-0.5.0-cp36-cp36m-musllinux_1_2_i686.whl", hash = "sha256:7d91f7f03670dd3d328468531885cf8b6680cdf5161bc74e27baf0df9c11ae9b"},
    {file = "dukpy-0.5.0-cp36-cp36m-musllinux_1_2_x86_64.whl", hash = "sha256:49f7e90384cb7c3bc987e80317006c16d7f9601278a546415cf1fdf992e63f2d"},
    {file = "dukpy-0.5.0-cp36-cp36m-win32.whl", hash = "sha256:ddc3cc0beda2474aaf69789aa3393a8ec745dd60706a42dd32081bdc98035ad5"},
    {file = "dukpy-0.5.0-cp36-cp36m-win_amd64.whl", hash = "sha256:5f65de19adfa065720a15d6aec42e27bc2d0083e04ce7da3216bbb1f3f54c869"},
    {file = "dukpy-0.5.0-cp37-cp37m-macosx_10_9_x86_64.whl", hash = "sha256:bf90c1bb6b7cb08287791bcbd387e87284720b95d13989b7f2e7538ecd24de37"},
    {file = "dukpy-0.5.0-cp37-cp37m-manylinux_2_17_aarch64.manylinux2014_aarch64.whl", hash = "sha256:43e63e90874c98674dd09479a9f41805140e3a205391eaf59f17b84d31f606ab"},
    {file = "dukpy-0.5.0-cp37-cp37m-manylinux_2_17_x86_64.manylinux2014_x86_64.whl", hash = "sha256:47039b2fa1693c5804dd56c20ab368170968ab628ae0c6084841862ef7b10dee"},
    {file = "dukpy-0.5.0-cp37-cp37m-manylinux_2_5_i686.manylinux1_i686.manylinux_2_17_i686.manylinux2014_i686.whl", hash = "sha256:24a78d6baabab47497d7ff0eb25f7f86c79130443446a48ffe1471b94240df55"},
    {file = "dukpy-0.5.0-cp37-cp37m-musllinux_1_2_aarch64.whl", hash = "sha256:534e6cc987ee93945f5bbcc1a0399f530f40da0177f45f46ed8a465abaebbe05"},
    {file = "dukpy-0.5.0-cp37-cp37m-musllinux_1_2_i686.whl", hash = "sha256:f63da13c7f1b080c1a92786e4e34cc9d51a3a7fe3e8b3a9912bee0c1c928f510"},
    {file = "dukpy-0.5.0-cp37-cp37m-musllinux_1_2_x86_64.whl", hash = "sha256:5489e21ba40b06ab021dbdb0b5fe21239677c34f1e6fd2e337d97fe4fdff7e11"},
    {file = "dukpy-0.5.0-cp37-cp37m-win32.whl", hash = "sha256:0e0236f0ca2491679977892acdcfa077c34eaf2ce56743c92e1cde45d4914938"},
    {file = "dukpy-0.5.0-cp37-cp37m-win_amd64.whl", hash = "sha256:d5489024e0b289128fddf8ce5f093818f498dde5d3808d5c1878edbf0b266827"},
    {file = "dukpy-0.5.0-cp38-cp38-macosx_10_9_x86_64.whl", hash = "sha256:032d913421c19c11c27baa040e1aba05de3587e9d7ae504b5f33ae61f4838eb4"},
    {file = "dukpy-0.5.0-cp38-cp38-macosx_11_0_arm64.whl", hash = "sha256:20fc83b76eef124eab3b2f704d19e56aa61fa35655efbec5596fbb2d2cead3e7"},
    {file = "dukpy-0.5.0-cp38-cp38-manylinux_2_17_aarch64.manylinux2014_aarch64.whl", hash = "sha256:05cd747e2d780f95b83dc7b4fb4b16c80450fc3a98a42a138665eb86a8d81ee9"},
    {file = "dukpy-0.5.0-cp38-cp38-manylinux_2_17_x86_64.manylinux2014_x86_64.whl", hash = "sha256:ee9cb7fe655a39ec948f6eba7f126420b5bf4d9bffccff73f9a2c134854d688f"},
    {file = "dukpy-0.5.0-cp38-cp38-manylinux_2_5_i686.manylinux1_i686.manylinux_2_17_i686.manylinux2014_i686.whl", hash = "sha256:016d105388f5486b3025de4ac6aff8100eb97170aeeea4edecf7ea08532253b7"},
    {file = "dukpy-0.5.0-cp38-cp38-musllinux_1_2_aarch64.whl", hash = "sha256:0c6d4745fc1f21ea158571e24831a5fc4b029deb1a2eb7814c22ddcd4ca38b8c"},
    {file = "dukpy-0.5.0-cp38-cp38-musllinux_1_2_i686.whl", hash = "sha256:91ccc9f4e5c78c51bbfdb7990805aa044b1b162e06cdbf1a1b3e6b11139a5777"},
    {file = "dukpy-0.5.0-cp38-cp38-musllinux_1_2_x86_64.whl", hash = "sha256:ffb5d0ee55d202c916972d245c7528214a13dac6c407d86b74cb84a088609ca2"},
    {file = "dukpy-0.5.0-cp38-cp38-win32.whl", hash = "sha256:e6cba0eaccc4dc588d5b0f5897a81f38faedfaeec6b3f0d494be1dbe38a877a7"},
    {file = "dukpy-0.5.0-cp38-cp38-win_amd64.whl", hash = "sha256:d33f1f21b96baf8a4b2c7d4f7a39c9a245dbe61543a135f4dcdc23f12d64661d"},
    {file = "dukpy-0.5.0-cp39-cp39-macosx_10_9_x86_64.whl", hash = "sha256:faa409b9ff3ae61561d6324bb886a4a250e63d2c781a27b8fd8ca419dc448822"},
    {file = "dukpy-0.5.0-cp39-cp39-macosx_11_0_arm64.whl", hash = "sha256:fb7fea246fd5dbb49f8213b952c3317fa0e76e32290808e1d911c9720422d4a7"},
    {file = "dukpy-0.5.0-cp39-cp39-manylinux_2_17_aarch64.manylinux2014_aarch64.whl", hash = "sha256:9f63f4ce1cc6b5f92340f8d52db0350e4595bc4cc478fb35d0bf2529754abb94"},
    {file = "dukpy-0.5.0-cp39-cp39-manylinux_2_17_x86_64.manylinux2014_x86_64.whl", hash = "sha256:7466293d6faf9b7a2ecfaeacfce2a897bba90b39a827ee4096dabba44dd011dd"},
    {file = "dukpy-0.5.0-cp39-cp39-manylinux_2_5_i686.manylinux1_i686.manylinux_2_17_i686.manylinux2014_i686.whl", hash = "sha256:adfbcb64e24e1d3de07133cd6848b20b4c28eec5d796f714ac693a7284b7f597"},
    {file = "dukpy-0.5.0-cp39-cp39-musllinux_1_2_aarch64.whl", hash = "sha256:a363b799e464bf4808c95e9a375b2ee3571639a924b9526d6471cd3a0c938cf5"},
    {file = "dukpy-0.5.0-cp39-cp39-musllinux_1_2_i686.whl", hash = "sha256:cf09346b0be7e86fc9ed732cc7ef58e3297f02a8daa4db918363c963356843d7"},
    {file = "dukpy-0.5.0-cp39-cp39-musllinux_1_2_x86_64.whl", hash = "sha256:4e131f44d6cd1d73ec9702b03166c60046be9f414ee3565e8af2c71134f3470f"},
    {file = "dukpy-0.5.0-cp39-cp39-win32.whl", hash = "sha256:5a41292ddbedc881a8a245caafaa77f98f0ccae165bdad26d8d078e392424d01"},
    {file = "dukpy-0.5.0-cp39-cp39-win_amd64.whl", hash = "sha256:4557a9e25c1506636233d88fa9567f63cc8e73156153b1c1461413d88ee5d5a2"},
    {file = "dukpy-0.5.0-pp310-pypy310_pp73-macosx_10_15_x86_64.whl", hash = "sha256:5f8ac865eeff43e17170b9e4677990f21d57ec8b0a4a3fbc8497c1f8e46fb276"},
    {file = "dukpy-0.5.0-pp310-pypy310_pp73-macosx_11_0_arm64.whl", hash = "sha256:96a8e51dcdcfd4dfa5b3895927c337fbdaff53f342d6079840378798d9b51b5e"},
    {file = "dukpy-0.5.0-pp310-pypy310_pp73-manylinux_2_17_aarch64.manylinux2014_aarch64.whl", hash = "sha256:b26594c9cf5b99a9949c4d92c7012bb5640fe53540f0efd0b6f73e503f535bdb"},
    {file = "dukpy-0.5.0-pp310-pypy310_pp73-manylinux_2_17_x86_64.manylinux2014_x86_64.whl", hash = "sha256:821352df62419edfadc8fe80de01737a04b19e7ce415e4c22fba639d2622b543"},
    {file = "dukpy-0.5.0-pp310-pypy310_pp73-manylinux_2_5_i686.manylinux1_i686.manylinux_2_17_i686.manylinux2014_i686.whl", hash = "sha256:07394788daa55019aaf7b34cfa5bcb4f9eaac1774360d4e2347eba46ba0b22c8"},
    {file = "dukpy-0.5.0-pp310-pypy310_pp73-win_amd64.whl", hash = "sha256:a69b0e12a6326a9de1020deacd902b822e5abd58f4b7a17007ed442e76be337b"},
    {file = "dukpy-0.5.0-pp37-pypy37_pp73-macosx_10_9_x86_64.whl", hash = "sha256:73b412e07e7da659373e5d23aa84ecbe891cf290e535dea0722ad96b539accc6"},
    {file = "dukpy-0.5.0-pp37-pypy37_pp73-manylinux_2_17_aarch64.manylinux2014_aarch64.whl", hash = "sha256:299bca5edaf376e5f63fe83dabda3b9bc4a355bfe1ea4be93f7e155c13ecb69c"},
    {file = "dukpy-0.5.0-pp37-pypy37_pp73-manylinux_2_17_x86_64.manylinux2014_x86_64.whl", hash = "sha256:19759159c8a8023ca67862d7a04aeeaafbcdab7b80023bf273baa6f9d42d3ec6"},
    {file = "dukpy-0.5.0-pp37-pypy37_pp73-manylinux_2_5_i686.manylinux1_i686.manylinux_2_17_i686.manylinux2014_i686.whl", hash = "sha256:c99e27ffa04e3e16ef355be9c00f0f1466237e032e573a99f59f32770573468f"},
    {file = "dukpy-0.5.0-pp37-pypy37_pp73-win_amd64.whl", hash = "sha256:b19518911016fa50703fc01eb8393860d2a8006117de45d7262dff18645695ca"},
    {file = "dukpy-0.5.0-pp38-pypy38_pp73-macosx_10_9_x86_64.whl", hash = "sha256:7219fc67fbce8f83f9f65a977afe848e4f2ee45392b43029b5b57662ab5f62cb"},
    {file = "dukpy-0.5.0-pp38-pypy38_pp73-macosx_11_0_arm64.whl", hash = "sha256:582adeeb2c737febef433bebe5bd20c535d5525ba6013c1230f01d3efd93320f"},
    {file = "dukpy-0.5.0-pp38-pypy38_pp73-manylinux_2_17_aarch64.manylinux2014_aarch64.whl", hash = "sha256:7c604611e417a34203b0c295ec55beff824f43ee12ca6b36e026b489b182af16"},
    {file = "dukpy-0.5.0-pp38-pypy38_pp73-manylinux_2_17_x86_64.manylinux2014_x86_64.whl", hash = "sha256:43f5c5179db2b91defabcae7565acbda0a8bd6428995ba951bb3c3b78cc57473"},
    {file = "dukpy-0.5.0-pp38-pypy38_pp73-manylinux_2_5_i686.manylinux1_i686.manylinux_2_17_i686.manylinux2014_i686.whl", hash = "sha256:dbf8f750608d94cd99261ba3d5db97e11c51a173884b80bbcdac56b8f6a7f1a2"},
    {file = "dukpy-0.5.0-pp38-pypy38_pp73-win_amd64.whl", hash = "sha256:17c130508f3b50799f45aa0304940b6418f12b2f6ea854433a36599b81b99e4a"},
    {file = "dukpy-0.5.0-pp39-pypy39_pp73-macosx_10_15_x86_64.whl", hash = "sha256:e1ca64e99dfe1478be0b57bf00edd856af9833c1cec1c9560369c6b782a749c8"},
    {file = "dukpy-0.5.0-pp39-pypy39_pp73-macosx_11_0_arm64.whl", hash = "sha256:3cabc6f2c1e027e280ecac1341d382298b1eac5c7da999daa1338b1f5dabc898"},
    {file = "dukpy-0.5.0-pp39-pypy39_pp73-manylinux_2_17_aarch64.manylinux2014_aarch64.whl", hash = "sha256:702a9979db08937b48fac4d19d0256ffdd4b5864b3dd89a874c91044bb5e427b"},
    {file = "dukpy-0.5.0-pp39-pypy39_pp73-manylinux_2_17_x86_64.manylinux2014_x86_64.whl", hash = "sha256:06d5494136bc4938698b80b05b3b045cfe89fa505871da38cd7fbd8b610fa563"},
    {file = "dukpy-0.5.0-pp39-pypy39_pp73-manylinux_2_5_i686.manylinux1_i686.manylinux_2_17_i686.manylinux2014_i686.whl", hash = "sha256:171a3dbd82eb942a88bf3b929d50036d33b7ecf9c76f3c0c069aa981f8909fcf"},
    {file = "dukpy-0.5.0-pp39-pypy39_pp73-win_amd64.whl", hash = "sha256:868884eb9a0cbaf5b75e9904a41d4df4a7214051f3da6796a6d3cc91726b23ca"},
    {file = "dukpy-0.5.0.tar.gz", hash = "sha256:079fe2d65ac5e24df56806c6b4e1a26f92bb7f13dc764f4fb230a6746744c1ad"},
]

[package.extras]
testing = ["mock", "pytest", "pytest-cov"]
webassets = ["webassets"]

[[package]]
name = "importlib-metadata"
version = "8.5.0"
description = "Read metadata from Python packages"
optional = false
python-versions = ">=3.8"
files = [
    {file = "importlib_metadata-8.5.0-py3-none-any.whl", hash = "sha256:45e54197d28b7a7f1559e60b95e7c567032b602131fbd588f1497f47880aa68b"},
    {file = "importlib_metadata-8.5.0.tar.gz", hash = "sha256:71522656f0abace1d072b9e5481a48f07c138e00f079c38c8f883823f9c26bd7"},
]

[package.dependencies]
zipp = ">=3.20"

[package.extras]
check = ["pytest-checkdocs (>=2.4)", "pytest-ruff (>=0.2.1)"]
cover = ["pytest-cov"]
doc = ["furo", "jaraco.packaging (>=9.3)", "jaraco.tidelift (>=1.4)", "rst.linker (>=1.9)", "sphinx (>=3.5)", "sphinx-lint"]
enabler = ["pytest-enabler (>=2.2)"]
perf = ["ipython"]
test = ["flufl.flake8", "importlib-resources (>=1.3)", "jaraco.test (>=5.4)", "packaging", "pyfakefs", "pytest (>=6,!=8.1.*)", "pytest-perf (>=0.9.2)"]
type = ["pytest-mypy"]

[[package]]
name = "macholib"
version = "1.16.3"
description = "Mach-O header analysis and editing"
optional = false
python-versions = "*"
files = [
    {file = "macholib-1.16.3-py2.py3-none-any.whl", hash = "sha256:0e315d7583d38b8c77e815b1ecbdbf504a8258d8b3e17b61165c6feb60d18f2c"},
    {file = "macholib-1.16.3.tar.gz", hash = "sha256:07ae9e15e8e4cd9a788013d81f5908b3609aa76f9b1421bae9c4d7606ec86a30"},
]

[package.dependencies]
altgraph = ">=0.17"

[[package]]
name = "packaging"
version = "24.2"
description = "Core utilities for Python packages"
optional = false
python-versions = ">=3.8"
files = [
    {file = "packaging-24.2-py3-none-any.whl", hash = "sha256:09abb1bccd265c01f4a3aa3f7a7db064b36514d2cba19a2f694fe6150451a759"},
    {file = "packaging-24.2.tar.gz", hash = "sha256:c228a6dc5e932d346bc5739379109d49e8853dd8223571c7c5b55260edc0b97f"},
]

[[package]]
name = "pefile"
version = "2023.2.7"
description = "Python PE parsing module"
optional = false
python-versions = ">=3.6.0"
files = [
    {file = "pefile-2023.2.7-py3-none-any.whl", hash = "sha256:da185cd2af68c08a6cd4481f7325ed600a88f6a813bad9dea07ab3ef73d8d8d6"},
    {file = "pefile-2023.2.7.tar.gz", hash = "sha256:82e6114004b3d6911c77c3953e3838654b04511b8b66e8583db70c65998017dc"},
]

[[package]]
name = "pyinstaller"
version = "6.11.1"
description = "PyInstaller bundles a Python application and all its dependencies into a single package."
optional = false
python-versions = "<3.14,>=3.8"
files = [
    {file = "pyinstaller-6.11.1-py3-none-macosx_10_13_universal2.whl", hash = "sha256:44e36172de326af6d4e7663b12f71dbd34e2e3e02233e181e457394423daaf03"},
    {file = "pyinstaller-6.11.1-py3-none-manylinux2014_aarch64.whl", hash = "sha256:6d12c45a29add78039066a53fb05967afaa09a672426072b13816fe7676abfc4"},
    {file = "pyinstaller-6.11.1-py3-none-manylinux2014_i686.whl", hash = "sha256:ddc0fddd75f07f7e423da1f0822e389a42af011f9589e0269b87e0d89aa48c1f"},
    {file = "pyinstaller-6.11.1-py3-none-manylinux2014_ppc64le.whl", hash = "sha256:0d6475559c4939f0735122989611d7f739ed3bf02f666ce31022928f7a7e4fda"},
    {file = "pyinstaller-6.11.1-py3-none-manylinux2014_s390x.whl", hash = "sha256:e21c7806e34f40181e7606926a14579f848bfb1dc52cbca7eea66eccccbfe977"},
    {file = "pyinstaller-6.11.1-py3-none-manylinux2014_x86_64.whl", hash = "sha256:32c742a24fe65d0702958fadf4040f76de85859c26bec0008766e5dbabc5b68f"},
    {file = "pyinstaller-6.11.1-py3-none-musllinux_1_1_aarch64.whl", hash = "sha256:208c0ef6dab0837a0a273ea32d1a3619a208e3d1fe3fec3785eea71a77fd00ce"},
    {file = "pyinstaller-6.11.1-py3-none-musllinux_1_1_x86_64.whl", hash = "sha256:ad84abf465bcda363c1d54eafa76745d77b6a8a713778348377dc98d12a452f7"},
    {file = "pyinstaller-6.11.1-py3-none-win32.whl", hash = "sha256:2e8365276c5131c9bef98e358fbc305e4022db8bedc9df479629d6414021956a"},
    {file = "pyinstaller-6.11.1-py3-none-win_amd64.whl", hash = "sha256:7ac83c0dc0e04357dab98c487e74ad2adb30e7eb186b58157a8faf46f1fa796f"},
    {file = "pyinstaller-6.11.1-py3-none-win_arm64.whl", hash = "sha256:35e6b8077d240600bb309ed68bb0b1453fd2b7ab740b66d000db7abae6244423"},
    {file = "pyinstaller-6.11.1.tar.gz", hash = "sha256:491dfb4d9d5d1d9650d9507daec1ff6829527a254d8e396badd60a0affcb72ef"},
]

[package.dependencies]
altgraph = "*"
importlib-metadata = {version = ">=4.6", markers = "python_version < \"3.10\""}
macholib = {version = ">=1.8", markers = "sys_platform == \"darwin\""}
packaging = ">=22.0"
pefile = {version = ">=2022.5.30,<2024.8.26 || >2024.8.26", markers = "sys_platform == \"win32\""}
pyinstaller-hooks-contrib = ">=2024.9"
pywin32-ctypes = {version = ">=0.2.1", markers = "sys_platform == \"win32\""}
setuptools = ">=42.0.0"

[package.extras]
completion = ["argcomplete"]
hook-testing = ["execnet (>=1.5.0)", "psutil", "pytest (>=2.7.3)"]

[[package]]
name = "pyinstaller-hooks-contrib"
version = "2024.10"
description = "Community maintained hooks for PyInstaller"
optional = false
python-versions = ">=3.8"
files = [
    {file = "pyinstaller_hooks_contrib-2024.10-py3-none-any.whl", hash = "sha256:ad47db0e153683b4151e10d231cb91f2d93c85079e78d76d9e0f57ac6c8a5e10"},
    {file = "pyinstaller_hooks_contrib-2024.10.tar.gz", hash = "sha256:8a46655e5c5b0186b5e527399118a9b342f10513eb1425c483fa4f6d02e8800c"},
]

[package.dependencies]
importlib-metadata = {version = ">=4.6", markers = "python_version < \"3.10\""}
packaging = ">=22.0"
setuptools = ">=42.0.0"

[[package]]
name = "pywin32-ctypes"
version = "0.2.3"
description = "A (partial) reimplementation of pywin32 using ctypes/cffi"
optional = false
python-versions = ">=3.6"
files = [
    {file = "pywin32-ctypes-0.2.3.tar.gz", hash = "sha256:d162dc04946d704503b2edc4d55f3dba5c1d539ead017afa00142c38b9885755"},
    {file = "pywin32_ctypes-0.2.3-py3-none-any.whl", hash = "sha256:8a1513379d709975552d202d942d9837758905c8d01eb82b8bcc30918929e7b8"},
]

[[package]]
name = "setuptools"
version = "75.3.0"
description = "Easily download, build, install, upgrade, and uninstall Python packages"
optional = false
python-versions = ">=3.8"
files = [
    {file = "setuptools-75.3.0-py3-none-any.whl", hash = "sha256:f2504966861356aa38616760c0f66568e535562374995367b4e69c7143cf6bcd"},
    {file = "setuptools-75.3.0.tar.gz", hash = "sha256:fba5dd4d766e97be1b1681d98712680ae8f2f26d7881245f2ce9e40714f1a686"},
]

[package.extras]
check = ["pytest-checkdocs (>=2.4)", "pytest-ruff (>=0.2.1)", "ruff (>=0.5.2)"]
core = ["importlib-metadata (>=6)", "importlib-resources (>=5.10.2)", "jaraco.collections", "jaraco.functools", "jaraco.text (>=3.7)", "more-itertools", "more-itertools (>=8.8)", "packaging", "packaging (>=24)", "platformdirs (>=4.2.2)", "tomli (>=2.0.1)", "wheel (>=0.43.0)"]
cover = ["pytest-cov"]
doc = ["furo", "jaraco.packaging (>=9.3)", "jaraco.tidelift (>=1.4)", "pygments-github-lexers (==0.0.5)", "pyproject-hooks (!=1.1)", "rst.linker (>=1.9)", "sphinx (>=3.5)", "sphinx-favicon", "sphinx-inline-tabs", "sphinx-lint", "sphinx-notfound-page (>=1,<2)", "sphinx-reredirects", "sphinxcontrib-towncrier", "towncrier (<24.7)"]
enabler = ["pytest-enabler (>=2.2)"]
test = ["build[virtualenv] (>=1.0.3)", "filelock (>=3.4.0)", "ini2toml[lite] (>=0.14)", "jaraco.develop (>=7.21)", "jaraco.envs (>=2.2)", "jaraco.path (>=3.2.0)", "jaraco.test (>=5.5)", "packaging (>=23.2)", "pip (>=19.1)", "pyproject-hooks (!=1.1)", "pytest (>=6,!=8.1.*)", "pytest-home (>=0.5)", "pytest-perf", "pytest-subprocess", "pytest-timeout", "pytest-xdist (>=3)", "tomli-w (>=1.0.0)", "virtualenv (>=13.0.0)", "wheel (>=0.44.0)"]
type = ["importlib-metadata (>=7.0.2)", "jaraco.develop (>=7.21)", "mypy (==1.12.*)", "pytest-mypy"]

[[package]]
name = "zipp"
version = "3.20.2"
description = "Backport of pathlib-compatible object wrapper for zip files"
optional = false
python-versions = ">=3.8"
files = [
    {file = "zipp-3.20.2-py3-none-any.whl", hash = "sha256:a817ac80d6cf4b23bf7f2828b7cabf326f15a001bea8b1f9b49631780ba28350"},
    {file = "zipp-3.20.2.tar.gz", hash = "sha256:bc9eb26f4506fda01b81bcde0ca78103b6e62f991b381fec825435c836edbc29"},
]

[package.extras]
check = ["pytest-checkdocs (>=2.4)", "pytest-ruff (>=0.2.1)"]
cover = ["pytest-cov"]
doc = ["furo", "jaraco.packaging (>=9.3)", "jaraco.tidelift (>=1.4)", "rst.linker (>=1.9)", "sphinx (>=3.5)", "sphinx-lint"]
enabler = ["pytest-enabler (>=2.2)"]
test = ["big-O", "importlib-resources", "jaraco.functools", "jaraco.itertools", "jaraco.test", "more-itertools", "pytest (>=6,!=8.1.*)", "pytest-ignore-flaky"]
type = ["pytest-mypy"]

[metadata]
lock-version = "2.0"
python-versions = ">=3.8, <3.14, !=3.10.0"
content-hash = "85ee944f022272bd4aaa84f5f328589021ee161d656fe11dbe5973bc4abb3cd6"
